PODS:
  - Alamofire (5.4.4)
  - BlueRSA (1.0.200)
  - CocoaLumberjack/Core (3.7.4)
  - CocoaLumberjack/Swift (3.7.4):
    - CocoaLumberjack/Core
  - CryptoSwift (1.4.2)
  - SwiftyJSON (5.0.1)
  - TunnelRay (1.0.16):
    - Alamofire (~> 5.4.0)
    - BlueRSA (~> 1.0.200)
    - CocoaLumberjack/Swift (~> 3.7.0)
    - CryptoSwift (~> 1.4.2)
    - SwiftyJSON (~> 5.0.0)

DEPENDENCIES:
  - TunnelRay (= 1.0.16)

SPEC REPOS:
  https://github.com/CocoaPods/Specs.git:
    - Alamofire
    - BlueRSA
    - CocoaLumberjack
    - CryptoSwift
    - SwiftyJSON
    - TunnelRay

SPEC CHECKSUMS:
  Alamofire: f3b09a368f1582ab751b3fff5460276e0d2cf5c9
  BlueRSA: dfeef51db96bcc4edec654956c1581adbda4e6a3
  CocoaLumberjack: 543c79c114dadc3b1aba95641d8738b06b05b646
  CryptoSwift: a532e74ed010f8c95f611d00b8bbae42e9fe7c17
  SwiftyJSON: 2f33a42c6fbc52764d96f13368585094bfd8aa5e
  TunnelRay: 85b8a01d8bb181a18f1d2b89205fab59a62a3376

PODFILE CHECKSUM: dc5228b364355d23e89950c544309be8d12cb320

COCOAPODS: 1.11.2
