// !$*UTF8*$!
{
	archiveVersion = 1;
	classes = {
	};
	objectVersion = 55;
	objects = {

/* Begin PBXBuildFile section */
		E0A69B22274D187F00BAD491 /* DemoApp.swift in Sources */ = {isa = PBXBuildFile; fileRef = E0A69B21274D187F00BAD491 /* DemoApp.swift */; };
		E0A69B24274D187F00BAD491 /* ContentView.swift in Sources */ = {isa = PBXBuildFile; fileRef = E0A69B23274D187F00BAD491 /* ContentView.swift */; };
		E0A69B26274D188100BAD491 /* Assets.xcassets in Resources */ = {isa = PBXBuildFile; fileRef = E0A69B25274D188100BAD491 /* Assets.xcassets */; };
		E0A69B29274D188100BAD491 /* Preview Assets.xcassets in Resources */ = {isa = PBXBuildFile; fileRef = E0A69B28274D188100BAD491 /* Preview Assets.xcassets */; };
		E0A69B33274D18B500BAD491 /* TunnelRay-ios-lib in Frameworks */ = {isa = PBXBuildFile; productRef = E0A69B32274D18B500BAD491 /* TunnelRay-ios-lib */; };
		E0A69B37274D19BB00BAD491 /* WebView.swift in Sources */ = {isa = PBXBuildFile; fileRef = E0A69B35274D19BB00BAD491 /* WebView.swift */; };
		E0A69B38274D19BB00BAD491 /* WebViewPage.swift in Sources */ = {isa = PBXBuildFile; fileRef = E0A69B36274D19BB00BAD491 /* WebViewPage.swift */; };
		E0A69B3B274D19C900BAD491 /* NetworkExtension.framework in Frameworks */ = {isa = PBXBuildFile; fileRef = E0A69B3A274D19C900BAD491 /* NetworkExtension.framework */; };
		E0A69B41274D19E400BAD491 /* NetworkExtension.framework in Frameworks */ = {isa = PBXBuildFile; fileRef = E0A69B3A274D19C900BAD491 /* NetworkExtension.framework */; };
		E0A69B44274D19E400BAD491 /* PacketTunnelProvider.swift in Sources */ = {isa = PBXBuildFile; fileRef = E0A69B43274D19E400BAD491 /* PacketTunnelProvider.swift */; };
		E0A69B49274D19E400BAD491 /* tunnel-extension.appex in Embed App Extensions */ = {isa = PBXBuildFile; fileRef = E0A69B40274D19E400BAD491 /* tunnel-extension.appex */; settings = {ATTRIBUTES = (RemoveHeadersOnCopy, ); }; };
		E0A69B4F274D1A0200BAD491 /* TunnelRay-ios-lib in Frameworks */ = {isa = PBXBuildFile; productRef = E0A69B4E274D1A0200BAD491 /* TunnelRay-ios-lib */; };
		E0A69B57274D1A9700BAD491 /* libleaf.a in Frameworks */ = {isa = PBXBuildFile; fileRef = E0A69B52274D1A9700BAD491 /* libleaf.a */; };
		E0A69B58274D1A9700BAD491 /* README.md in Resources */ = {isa = PBXBuildFile; fileRef = E0A69B53274D1A9700BAD491 /* README.md */; };
		E0A69B59274D1A9700BAD491 /* Subnet.swift in Sources */ = {isa = PBXBuildFile; fileRef = E0A69B54274D1A9700BAD491 /* Subnet.swift */; };
		E0A69B5A274D1A9700BAD491 /* TunnelRayTunnelStore.swift in Sources */ = {isa = PBXBuildFile; fileRef = E0A69B55274D1A9700BAD491 /* TunnelRayTunnelStore.swift */; };
/* End PBXBuildFile section */

/* Begin PBXContainerItemProxy section */
		E0A69B47274D19E400BAD491 /* PBXContainerItemProxy */ = {
			isa = PBXContainerItemProxy;
			containerPortal = E0A69B16274D187F00BAD491 /* Project object */;
			proxyType = 1;
			remoteGlobalIDString = E0A69B3F274D19E400BAD491;
			remoteInfo = "tunnel-extension";
		};
/* End PBXContainerItemProxy section */

/* Begin PBXCopyFilesBuildPhase section */
		E0A69B4D274D19E400BAD491 /* Embed App Extensions */ = {
			isa = PBXCopyFilesBuildPhase;
			buildActionMask = 2147483647;
			dstPath = "";
			dstSubfolderSpec = 13;
			files = (
				E0A69B49274D19E400BAD491 /* tunnel-extension.appex in Embed App Extensions */,
			);
			name = "Embed App Extensions";
			runOnlyForDeploymentPostprocessing = 0;
		};
/* End PBXCopyFilesBuildPhase section */

/* Begin PBXFileReference section */
		E0A69B1E274D187F00BAD491 /* Demo.app */ = {isa = PBXFileReference; explicitFileType = wrapper.application; includeInIndex = 0; path = Demo.app; sourceTree = BUILT_PRODUCTS_DIR; };
		E0A69B21274D187F00BAD491 /* DemoApp.swift */ = {isa = PBXFileReference; lastKnownFileType = sourcecode.swift; path = DemoApp.swift; sourceTree = "<group>"; };
		E0A69B23274D187F00BAD491 /* ContentView.swift */ = {isa = PBXFileReference; lastKnownFileType = sourcecode.swift; path = ContentView.swift; sourceTree = "<group>"; };
		E0A69B25274D188100BAD491 /* Assets.xcassets */ = {isa = PBXFileReference; lastKnownFileType = folder.assetcatalog; path = Assets.xcassets; sourceTree = "<group>"; };
		E0A69B28274D188100BAD491 /* Preview Assets.xcassets */ = {isa = PBXFileReference; lastKnownFileType = folder.assetcatalog; path = "Preview Assets.xcassets"; sourceTree = "<group>"; };
		E0A69B34274D196D00BAD491 /* TunnelRay-ios-lib */ = {isa = PBXFileReference; lastKnownFileType = folder; name = "TunnelRay-ios-lib"; path = "../TunnelRay-ios-lib"; sourceTree = "<group>"; };
		E0A69B35274D19BB00BAD491 /* WebView.swift */ = {isa = PBXFileReference; fileEncoding = 4; lastKnownFileType = sourcecode.swift; path = WebView.swift; sourceTree = "<group>"; };
		E0A69B36274D19BB00BAD491 /* WebViewPage.swift */ = {isa = PBXFileReference; fileEncoding = 4; lastKnownFileType = sourcecode.swift; path = WebViewPage.swift; sourceTree = "<group>"; };
		E0A69B39274D19C900BAD491 /* Demo.entitlements */ = {isa = PBXFileReference; lastKnownFileType = text.plist.entitlements; path = Demo.entitlements; sourceTree = "<group>"; };
		E0A69B3A274D19C900BAD491 /* NetworkExtension.framework */ = {isa = PBXFileReference; lastKnownFileType = wrapper.framework; name = NetworkExtension.framework; path = System/Library/Frameworks/NetworkExtension.framework; sourceTree = SDKROOT; };
		E0A69B40274D19E400BAD491 /* tunnel-extension.appex */ = {isa = PBXFileReference; explicitFileType = "wrapper.app-extension"; includeInIndex = 0; path = "tunnel-extension.appex"; sourceTree = BUILT_PRODUCTS_DIR; };
		E0A69B43274D19E400BAD491 /* PacketTunnelProvider.swift */ = {isa = PBXFileReference; lastKnownFileType = sourcecode.swift; path = PacketTunnelProvider.swift; sourceTree = "<group>"; };
		E0A69B45274D19E400BAD491 /* Info.plist */ = {isa = PBXFileReference; lastKnownFileType = text.plist.xml; path = Info.plist; sourceTree = "<group>"; };
		E0A69B46274D19E400BAD491 /* tunnel_extension.entitlements */ = {isa = PBXFileReference; lastKnownFileType = text.plist.entitlements; path = tunnel_extension.entitlements; sourceTree = "<group>"; };
		E0A69B51274D1A9700BAD491 /* leaf.h */ = {isa = PBXFileReference; fileEncoding = 4; lastKnownFileType = sourcecode.c.h; path = leaf.h; sourceTree = "<group>"; };
		E0A69B52274D1A9700BAD491 /* libleaf.a */ = {isa = PBXFileReference; lastKnownFileType = archive.ar; path = libleaf.a; sourceTree = "<group>"; };
		E0A69B53274D1A9700BAD491 /* README.md */ = {isa = PBXFileReference; fileEncoding = 4; lastKnownFileType = net.daringfireball.markdown; path = README.md; sourceTree = "<group>"; };
		E0A69B54274D1A9700BAD491 /* Subnet.swift */ = {isa = PBXFileReference; fileEncoding = 4; lastKnownFileType = sourcecode.swift; path = Subnet.swift; sourceTree = "<group>"; };
		E0A69B55274D1A9700BAD491 /* TunnelRayTunnelStore.swift */ = {isa = PBXFileReference; fileEncoding = 4; lastKnownFileType = sourcecode.swift; path = TunnelRayTunnelStore.swift; sourceTree = "<group>"; };
		E0A69B56274D1A9700BAD491 /* TunnelRay-Bridging-Header.h */ = {isa = PBXFileReference; fileEncoding = 4; lastKnownFileType = sourcecode.c.h; path = "TunnelRay-Bridging-Header.h"; sourceTree = "<group>"; };
/* End PBXFileReference section */

/* Begin PBXFrameworksBuildPhase section */
		E0A69B1B274D187F00BAD491 /* Frameworks */ = {
			isa = PBXFrameworksBuildPhase;
			buildActionMask = 2147483647;
			files = (
				E0A69B33274D18B500BAD491 /* TunnelRay-ios-lib in Frameworks */,
				E0A69B3B274D19C900BAD491 /* NetworkExtension.framework in Frameworks */,
			);
			runOnlyForDeploymentPostprocessing = 0;
		};
		E0A69B3D274D19E400BAD491 /* Frameworks */ = {
			isa = PBXFrameworksBuildPhase;
			buildActionMask = 2147483647;
			files = (
				E0A69B41274D19E400BAD491 /* NetworkExtension.framework in Frameworks */,
				E0A69B4F274D1A0200BAD491 /* TunnelRay-ios-lib in Frameworks */,
				E0A69B57274D1A9700BAD491 /* libleaf.a in Frameworks */,
			);
			runOnlyForDeploymentPostprocessing = 0;
		};
/* End PBXFrameworksBuildPhase section */

/* Begin PBXGroup section */
		E0A69B15274D187F00BAD491 = {
			isa = PBXGroup;
			children = (
				E0A69B2F274D189F00BAD491 /* Packages */,
				E0A69B20274D187F00BAD491 /* Demo */,
				E0A69B42274D19E400BAD491 /* tunnel-extension */,
				E0A69B1F274D187F00BAD491 /* Products */,
				E0A69B31274D18B500BAD491 /* Frameworks */,
			);
			sourceTree = "<group>";
		};
		E0A69B1F274D187F00BAD491 /* Products */ = {
			isa = PBXGroup;
			children = (
				E0A69B1E274D187F00BAD491 /* Demo.app */,
				E0A69B40274D19E400BAD491 /* tunnel-extension.appex */,
			);
			name = Products;
			sourceTree = "<group>";
		};
		E0A69B20274D187F00BAD491 /* Demo */ = {
			isa = PBXGroup;
			children = (
				E0A69B39274D19C900BAD491 /* Demo.entitlements */,
				E0A69B35274D19BB00BAD491 /* WebView.swift */,
				E0A69B36274D19BB00BAD491 /* WebViewPage.swift */,
				E0A69B21274D187F00BAD491 /* DemoApp.swift */,
				E0A69B23274D187F00BAD491 /* ContentView.swift */,
				E0A69B25274D188100BAD491 /* Assets.xcassets */,
				E0A69B27274D188100BAD491 /* Preview Content */,
			);
			path = Demo;
			sourceTree = "<group>";
		};
		E0A69B27274D188100BAD491 /* Preview Content */ = {
			isa = PBXGroup;
			children = (
				E0A69B28274D188100BAD491 /* Preview Assets.xcassets */,
			);
			path = "Preview Content";
			sourceTree = "<group>";
		};
		E0A69B2F274D189F00BAD491 /* Packages */ = {
			isa = PBXGroup;
			children = (
				E0A69B34274D196D00BAD491 /* TunnelRay-ios-lib */,
			);
			name = Packages;
			sourceTree = "<group>";
		};
		E0A69B31274D18B500BAD491 /* Frameworks */ = {
			isa = PBXGroup;
			children = (
				E0A69B3A274D19C900BAD491 /* NetworkExtension.framework */,
			);
			name = Frameworks;
			sourceTree = "<group>";
		};
		E0A69B42274D19E400BAD491 /* tunnel-extension */ = {
			isa = PBXGroup;
			children = (
				E0A69B50274D1A9700BAD491 /* libleaf */,
				E0A69B54274D1A9700BAD491 /* Subnet.swift */,
				E0A69B56274D1A9700BAD491 /* TunnelRay-Bridging-Header.h */,
				E0A69B55274D1A9700BAD491 /* TunnelRayTunnelStore.swift */,
				E0A69B43274D19E400BAD491 /* PacketTunnelProvider.swift */,
				E0A69B45274D19E400BAD491 /* Info.plist */,
				E0A69B46274D19E400BAD491 /* tunnel_extension.entitlements */,
			);
			path = "tunnel-extension";
			sourceTree = "<group>";
		};
		E0A69B50274D1A9700BAD491 /* libleaf */ = {
			isa = PBXGroup;
			children = (
				E0A69B51274D1A9700BAD491 /* leaf.h */,
				E0A69B52274D1A9700BAD491 /* libleaf.a */,
				E0A69B53274D1A9700BAD491 /* README.md */,
			);
			path = libleaf;
			sourceTree = "<group>";
		};
/* End PBXGroup section */

/* Begin PBXNativeTarget section */
		E0A69B1D274D187F00BAD491 /* Demo */ = {
			isa = PBXNativeTarget;
			buildConfigurationList = E0A69B2C274D188100BAD491 /* Build configuration list for PBXNativeTarget "Demo" */;
			buildPhases = (
				E0A69B1A274D187F00BAD491 /* Sources */,
				E0A69B1B274D187F00BAD491 /* Frameworks */,
				E0A69B1C274D187F00BAD491 /* Resources */,
				E0A69B4D274D19E400BAD491 /* Embed App Extensions */,
			);
			buildRules = (
			);
			dependencies = (
				E0A69B48274D19E400BAD491 /* PBXTargetDependency */,
			);
			name = Demo;
			packageProductDependencies = (
				E0A69B32274D18B500BAD491 /* TunnelRay-ios-lib */,
			);
			productName = Demo;
			productReference = E0A69B1E274D187F00BAD491 /* Demo.app */;
			productType = "com.apple.product-type.application";
		};
		E0A69B3F274D19E400BAD491 /* tunnel-extension */ = {
			isa = PBXNativeTarget;
			buildConfigurationList = E0A69B4A274D19E400BAD491 /* Build configuration list for PBXNativeTarget "tunnel-extension" */;
			buildPhases = (
				E0A69B3C274D19E400BAD491 /* Sources */,
				E0A69B3D274D19E400BAD491 /* Frameworks */,
				E0A69B3E274D19E400BAD491 /* Resources */,
			);
			buildRules = (
			);
			dependencies = (
			);
			name = "tunnel-extension";
			packageProductDependencies = (
				E0A69B4E274D1A0200BAD491 /* TunnelRay-ios-lib */,
			);
			productName = "tunnel-extension";
			productReference = E0A69B40274D19E400BAD491 /* tunnel-extension.appex */;
			productType = "com.apple.product-type.app-extension";
		};
/* End PBXNativeTarget section */

/* Begin PBXProject section */
		E0A69B16274D187F00BAD491 /* Project object */ = {
			isa = PBXProject;
			attributes = {
				BuildIndependentTargetsInParallel = 1;
				LastSwiftUpdateCheck = 1310;
				LastUpgradeCheck = 1310;
				TargetAttributes = {
					E0A69B1D274D187F00BAD491 = {
						CreatedOnToolsVersion = 13.1;
					};
					E0A69B3F274D19E400BAD491 = {
						CreatedOnToolsVersion = 13.1;
					};
				};
			};
			buildConfigurationList = E0A69B19274D187F00BAD491 /* Build configuration list for PBXProject "Demo" */;
			compatibilityVersion = "Xcode 13.0";
			developmentRegion = en;
			hasScannedForEncodings = 0;
			knownRegions = (
				en,
				Base,
			);
			mainGroup = E0A69B15274D187F00BAD491;
			productRefGroup = E0A69B1F274D187F00BAD491 /* Products */;
			projectDirPath = "";
			projectRoot = "";
			targets = (
				E0A69B1D274D187F00BAD491 /* Demo */,
				E0A69B3F274D19E400BAD491 /* tunnel-extension */,
			);
		};
/* End PBXProject section */

/* Begin PBXResourcesBuildPhase section */
		E0A69B1C274D187F00BAD491 /* Resources */ = {
			isa = PBXResourcesBuildPhase;
			buildActionMask = 2147483647;
			files = (
				E0A69B29274D188100BAD491 /* Preview Assets.xcassets in Resources */,
				E0A69B26274D188100BAD491 /* Assets.xcassets in Resources */,
			);
			runOnlyForDeploymentPostprocessing = 0;
		};
		E0A69B3E274D19E400BAD491 /* Resources */ = {
			isa = PBXResourcesBuildPhase;
			buildActionMask = 2147483647;
			files = (
				E0A69B58274D1A9700BAD491 /* README.md in Resources */,
			);
			runOnlyForDeploymentPostprocessing = 0;
		};
/* End PBXResourcesBuildPhase section */

/* Begin PBXSourcesBuildPhase section */
		E0A69B1A274D187F00BAD491 /* Sources */ = {
			isa = PBXSourcesBuildPhase;
			buildActionMask = 2147483647;
			files = (
				E0A69B37274D19BB00BAD491 /* WebView.swift in Sources */,
				E0A69B24274D187F00BAD491 /* ContentView.swift in Sources */,
				E0A69B38274D19BB00BAD491 /* WebViewPage.swift in Sources */,
				E0A69B22274D187F00BAD491 /* DemoApp.swift in Sources */,
			);
			runOnlyForDeploymentPostprocessing = 0;
		};
		E0A69B3C274D19E400BAD491 /* Sources */ = {
			isa = PBXSourcesBuildPhase;
			buildActionMask = 2147483647;
			files = (
				E0A69B5A274D1A9700BAD491 /* TunnelRayTunnelStore.swift in Sources */,
				E0A69B59274D1A9700BAD491 /* Subnet.swift in Sources */,
				E0A69B44274D19E400BAD491 /* PacketTunnelProvider.swift in Sources */,
			);
			runOnlyForDeploymentPostprocessing = 0;
		};
/* End PBXSourcesBuildPhase section */

/* Begin PBXTargetDependency section */
		E0A69B48274D19E400BAD491 /* PBXTargetDependency */ = {
			isa = PBXTargetDependency;
			target = E0A69B3F274D19E400BAD491 /* tunnel-extension */;
			targetProxy = E0A69B47274D19E400BAD491 /* PBXContainerItemProxy */;
		};
/* End PBXTargetDependency section */

/* Begin XCBuildConfiguration section */
		E0A69B2A274D188100BAD491 /* Debug */ = {
			isa = XCBuildConfiguration;
			buildSettings = {
				ALWAYS_SEARCH_USER_PATHS = NO;
				CLANG_ANALYZER_NONNULL = YES;
				CLANG_ANALYZER_NUMBER_OBJECT_CONVERSION = YES_AGGRESSIVE;
				CLANG_CXX_LANGUAGE_STANDARD = "gnu++17";
				CLANG_CXX_LIBRARY = "libc++";
				CLANG_ENABLE_MODULES = YES;
				CLANG_ENABLE_OBJC_ARC = YES;
				CLANG_ENABLE_OBJC_WEAK = YES;
				CLANG_WARN_BLOCK_CAPTURE_AUTORELEASING = YES;
				CLANG_WARN_BOOL_CONVERSION = YES;
				CLANG_WARN_COMMA = YES;
				CLANG_WARN_CONSTANT_CONVERSION = YES;
				CLANG_WARN_DEPRECATED_OBJC_IMPLEMENTATIONS = YES;
				CLANG_WARN_DIRECT_OBJC_ISA_USAGE = YES_ERROR;
				CLANG_WARN_DOCUMENTATION_COMMENTS = YES;
				CLANG_WARN_EMPTY_BODY = YES;
				CLANG_WARN_ENUM_CONVERSION = YES;
				CLANG_WARN_INFINITE_RECURSION = YES;
				CLANG_WARN_INT_CONVERSION = YES;
				CLANG_WARN_NON_LITERAL_NULL_CONVERSION = YES;
				CLANG_WARN_OBJC_IMPLICIT_RETAIN_SELF = YES;
				CLANG_WARN_OBJC_LITERAL_CONVERSION = YES;
				CLANG_WARN_OBJC_ROOT_CLASS = YES_ERROR;
				CLANG_WARN_QUOTED_INCLUDE_IN_FRAMEWORK_HEADER = YES;
				CLANG_WARN_RANGE_LOOP_ANALYSIS = YES;
				CLANG_WARN_STRICT_PROTOTYPES = YES;
				CLANG_WARN_SUSPICIOUS_MOVE = YES;
				CLANG_WARN_UNGUARDED_AVAILABILITY = YES_AGGRESSIVE;
				CLANG_WARN_UNREACHABLE_CODE = YES;
				CLANG_WARN__DUPLICATE_METHOD_MATCH = YES;
				COPY_PHASE_STRIP = NO;
				DEBUG_INFORMATION_FORMAT = dwarf;
				ENABLE_STRICT_OBJC_MSGSEND = YES;
				ENABLE_TESTABILITY = YES;
				GCC_C_LANGUAGE_STANDARD = gnu11;
				GCC_DYNAMIC_NO_PIC = NO;
				GCC_NO_COMMON_BLOCKS = YES;
				GCC_OPTIMIZATION_LEVEL = 0;
				GCC_PREPROCESSOR_DEFINITIONS = (
					"DEBUG=1",
					"$(inherited)",
				);
				GCC_WARN_64_TO_32_BIT_CONVERSION = YES;
				GCC_WARN_ABOUT_RETURN_TYPE = YES_ERROR;
				GCC_WARN_UNDECLARED_SELECTOR = YES;
				GCC_WARN_UNINITIALIZED_AUTOS = YES_AGGRESSIVE;
				GCC_WARN_UNUSED_FUNCTION = YES;
				GCC_WARN_UNUSED_VARIABLE = YES;
				IPHONEOS_DEPLOYMENT_TARGET = 15.0;
				MTL_ENABLE_DEBUG_INFO = INCLUDE_SOURCE;
				MTL_FAST_MATH = YES;
				ONLY_ACTIVE_ARCH = YES;
				SDKROOT = iphoneos;
				SWIFT_ACTIVE_COMPILATION_CONDITIONS = DEBUG;
				SWIFT_OPTIMIZATION_LEVEL = "-Onone";
			};
			name = Debug;
		};
		E0A69B2B274D188100BAD491 /* Release */ = {
			isa = XCBuildConfiguration;
			buildSettings = {
				ALWAYS_SEARCH_USER_PATHS = NO;
				CLANG_ANALYZER_NONNULL = YES;
				CLANG_ANALYZER_NUMBER_OBJECT_CONVERSION = YES_AGGRESSIVE;
				CLANG_CXX_LANGUAGE_STANDARD = "gnu++17";
				CLANG_CXX_LIBRARY = "libc++";
				CLANG_ENABLE_MODULES = YES;
				CLANG_ENABLE_OBJC_ARC = YES;
				CLANG_ENABLE_OBJC_WEAK = YES;
				CLANG_WARN_BLOCK_CAPTURE_AUTORELEASING = YES;
				CLANG_WARN_BOOL_CONVERSION = YES;
				CLANG_WARN_COMMA = YES;
				CLANG_WARN_CONSTANT_CONVERSION = YES;
				CLANG_WARN_DEPRECATED_OBJC_IMPLEMENTATIONS = YES;
				CLANG_WARN_DIRECT_OBJC_ISA_USAGE = YES_ERROR;
				CLANG_WARN_DOCUMENTATION_COMMENTS = YES;
				CLANG_WARN_EMPTY_BODY = YES;
				CLANG_WARN_ENUM_CONVERSION = YES;
				CLANG_WARN_INFINITE_RECURSION = YES;
				CLANG_WARN_INT_CONVERSION = YES;
				CLANG_WARN_NON_LITERAL_NULL_CONVERSION = YES;
				CLANG_WARN_OBJC_IMPLICIT_RETAIN_SELF = YES;
				CLANG_WARN_OBJC_LITERAL_CONVERSION = YES;
				CLANG_WARN_OBJC_ROOT_CLASS = YES_ERROR;
				CLANG_WARN_QUOTED_INCLUDE_IN_FRAMEWORK_HEADER = YES;
				CLANG_WARN_RANGE_LOOP_ANALYSIS = YES;
				CLANG_WARN_STRICT_PROTOTYPES = YES;
				CLANG_WARN_SUSPICIOUS_MOVE = YES;
				CLANG_WARN_UNGUARDED_AVAILABILITY = YES_AGGRESSIVE;
				CLANG_WARN_UNREACHABLE_CODE = YES;
				CLANG_WARN__DUPLICATE_METHOD_MATCH = YES;
				COPY_PHASE_STRIP = NO;
				DEBUG_INFORMATION_FORMAT = "dwarf-with-dsym";
				ENABLE_NS_ASSERTIONS = NO;
				ENABLE_STRICT_OBJC_MSGSEND = YES;
				GCC_C_LANGUAGE_STANDARD = gnu11;
				GCC_NO_COMMON_BLOCKS = YES;
				GCC_WARN_64_TO_32_BIT_CONVERSION = YES;
				GCC_WARN_ABOUT_RETURN_TYPE = YES_ERROR;
				GCC_WARN_UNDECLARED_SELECTOR = YES;
				GCC_WARN_UNINITIALIZED_AUTOS = YES_AGGRESSIVE;
				GCC_WARN_UNUSED_FUNCTION = YES;
				GCC_WARN_UNUSED_VARIABLE = YES;
				IPHONEOS_DEPLOYMENT_TARGET = 15.0;
				MTL_ENABLE_DEBUG_INFO = NO;
				MTL_FAST_MATH = YES;
				SDKROOT = iphoneos;
				SWIFT_COMPILATION_MODE = wholemodule;
				SWIFT_OPTIMIZATION_LEVEL = "-O";
				VALIDATE_PRODUCT = YES;
			};
			name = Release;
		};
		E0A69B2D274D188100BAD491 /* Debug */ = {
			isa = XCBuildConfiguration;
			buildSettings = {
				ALWAYS_EMBED_SWIFT_STANDARD_LIBRARIES = YES;
				ASSETCATALOG_COMPILER_APPICON_NAME = AppIcon;
				ASSETCATALOG_COMPILER_GLOBAL_ACCENT_COLOR_NAME = AccentColor;
				CODE_SIGN_ENTITLEMENTS = Demo/Demo.entitlements;
				CODE_SIGN_STYLE = Automatic;
				CURRENT_PROJECT_VERSION = 1;
				DEVELOPMENT_ASSET_PATHS = "\"Demo/Preview Content\"";
				DEVELOPMENT_TEAM = AKNPAU674J;
				ENABLE_PREVIEWS = YES;
				GENERATE_INFOPLIST_FILE = YES;
				INFOPLIST_KEY_UIApplicationSceneManifest_Generation = YES;
				INFOPLIST_KEY_UIApplicationSupportsIndirectInputEvents = YES;
				INFOPLIST_KEY_UILaunchScreen_Generation = YES;
				INFOPLIST_KEY_UISupportedInterfaceOrientations_iPad = "UIInterfaceOrientationPortrait UIInterfaceOrientationPortraitUpsideDown UIInterfaceOrientationLandscapeLeft UIInterfaceOrientationLandscapeRight";
				INFOPLIST_KEY_UISupportedInterfaceOrientations_iPhone = "UIInterfaceOrientationPortrait UIInterfaceOrientationLandscapeLeft UIInterfaceOrientationLandscapeRight";
				LD_RUNPATH_SEARCH_PATHS = (
					"$(inherited)",
					"@executable_path/Frameworks",
				);
				MARKETING_VERSION = 1.0;
				PRODUCT_BUNDLE_IDENTIFIER = com.nthlink.Demo;
				PRODUCT_NAME = "$(TARGET_NAME)";
				SWIFT_EMIT_LOC_STRINGS = YES;
				SWIFT_VERSION = 5.0;
				TARGETED_DEVICE_FAMILY = "1,2";
			};
			name = Debug;
		};
		E0A69B2E274D188100BAD491 /* Release */ = {
			isa = XCBuildConfiguration;
			buildSettings = {
				ALWAYS_EMBED_SWIFT_STANDARD_LIBRARIES = YES;
				ASSETCATALOG_COMPILER_APPICON_NAME = AppIcon;
				ASSETCATALOG_COMPILER_GLOBAL_ACCENT_COLOR_NAME = AccentColor;
				CODE_SIGN_ENTITLEMENTS = Demo/Demo.entitlements;
				CODE_SIGN_STYLE = Automatic;
				CURRENT_PROJECT_VERSION = 1;
				DEVELOPMENT_ASSET_PATHS = "\"Demo/Preview Content\"";
				DEVELOPMENT_TEAM = AKNPAU674J;
				ENABLE_PREVIEWS = YES;
				GENERATE_INFOPLIST_FILE = YES;
				INFOPLIST_KEY_UIApplicationSceneManifest_Generation = YES;
				INFOPLIST_KEY_UIApplicationSupportsIndirectInputEvents = YES;
				INFOPLIST_KEY_UILaunchScreen_Generation = YES;
				INFOPLIST_KEY_UISupportedInterfaceOrientations_iPad = "UIInterfaceOrientationPortrait UIInterfaceOrientationPortraitUpsideDown UIInterfaceOrientationLandscapeLeft UIInterfaceOrientationLandscapeRight";
				INFOPLIST_KEY_UISupportedInterfaceOrientations_iPhone = "UIInterfaceOrientationPortrait UIInterfaceOrientationLandscapeLeft UIInterfaceOrientationLandscapeRight";
				LD_RUNPATH_SEARCH_PATHS = (
					"$(inherited)",
					"@executable_path/Frameworks",
				);
				MARKETING_VERSION = 1.0;
				PRODUCT_BUNDLE_IDENTIFIER = com.nthlink.Demo;
				PRODUCT_NAME = "$(TARGET_NAME)";
				SWIFT_EMIT_LOC_STRINGS = YES;
				SWIFT_VERSION = 5.0;
				TARGETED_DEVICE_FAMILY = "1,2";
			};
			name = Release;
		};
		E0A69B4B274D19E400BAD491 /* Debug */ = {
			isa = XCBuildConfiguration;
			buildSettings = {
				CODE_SIGN_ENTITLEMENTS = "tunnel-extension/tunnel_extension.entitlements";
				CODE_SIGN_STYLE = Automatic;
				CURRENT_PROJECT_VERSION = 1;
				DEVELOPMENT_TEAM = AKNPAU674J;
				GENERATE_INFOPLIST_FILE = YES;
				INFOPLIST_FILE = "tunnel-extension/Info.plist";
				INFOPLIST_KEY_CFBundleDisplayName = "tunnel-extension";
				INFOPLIST_KEY_NSHumanReadableCopyright = "";
				LD_RUNPATH_SEARCH_PATHS = (
					"$(inherited)",
					"@executable_path/Frameworks",
					"@executable_path/../../Frameworks",
				);
				LIBRARY_SEARCH_PATHS = (
					"$(inherited)",
					"$(PROJECT_DIR)/tunnel-extension/libleaf",
				);
				MARKETING_VERSION = 1.0;
				PRODUCT_BUNDLE_IDENTIFIER = "com.nthlink.Demo.tunnel-extension";
				PRODUCT_NAME = "$(TARGET_NAME)";
				SKIP_INSTALL = YES;
				SWIFT_EMIT_LOC_STRINGS = YES;
				SWIFT_OBJC_BRIDGING_HEADER = "$(SRCROOT)/tunnel-extension/TunnelRay-Bridging-Header.h";
				SWIFT_VERSION = 5.0;
				TARGETED_DEVICE_FAMILY = "1,2";
			};
			name = Debug;
		};
		E0A69B4C274D19E400BAD491 /* Release */ = {
			isa = XCBuildConfiguration;
			buildSettings = {
				CODE_SIGN_ENTITLEMENTS = "tunnel-extension/tunnel_extension.entitlements";
				CODE_SIGN_STYLE = Automatic;
				CURRENT_PROJECT_VERSION = 1;
				DEVELOPMENT_TEAM = AKNPAU674J;
				GENERATE_INFOPLIST_FILE = YES;
				INFOPLIST_FILE = "tunnel-extension/Info.plist";
				INFOPLIST_KEY_CFBundleDisplayName = "tunnel-extension";
				INFOPLIST_KEY_NSHumanReadableCopyright = "";
				LD_RUNPATH_SEARCH_PATHS = (
					"$(inherited)",
					"@executable_path/Frameworks",
					"@executable_path/../../Frameworks",
				);
				LIBRARY_SEARCH_PATHS = (
					"$(inherited)",
					"$(PROJECT_DIR)/tunnel-extension/libleaf",
				);
				MARKETING_VERSION = 1.0;
				PRODUCT_BUNDLE_IDENTIFIER = "com.nthlink.Demo.tunnel-extension";
				PRODUCT_NAME = "$(TARGET_NAME)";
				SKIP_INSTALL = YES;
				SWIFT_EMIT_LOC_STRINGS = YES;
				SWIFT_OBJC_BRIDGING_HEADER = "$(SRCROOT)/tunnel-extension/TunnelRay-Bridging-Header.h";
				SWIFT_VERSION = 5.0;
				TARGETED_DEVICE_FAMILY = "1,2";
			};
			name = Release;
		};
/* End XCBuildConfiguration section */

/* Begin XCConfigurationList section */
		E0A69B19274D187F00BAD491 /* Build configuration list for PBXProject "Demo" */ = {
			isa = XCConfigurationList;
			buildConfigurations = (
				E0A69B2A274D188100BAD491 /* Debug */,
				E0A69B2B274D188100BAD491 /* Release */,
			);
			defaultConfigurationIsVisible = 0;
			defaultConfigurationName = Release;
		};
		E0A69B2C274D188100BAD491 /* Build configuration list for PBXNativeTarget "Demo" */ = {
			isa = XCConfigurationList;
			buildConfigurations = (
				E0A69B2D274D188100BAD491 /* Debug */,
				E0A69B2E274D188100BAD491 /* Release */,
			);
			defaultConfigurationIsVisible = 0;
			defaultConfigurationName = Release;
		};
		E0A69B4A274D19E400BAD491 /* Build configuration list for PBXNativeTarget "tunnel-extension" */ = {
			isa = XCConfigurationList;
			buildConfigurations = (
				E0A69B4B274D19E400BAD491 /* Debug */,
				E0A69B4C274D19E400BAD491 /* Release */,
			);
			defaultConfigurationIsVisible = 0;
			defaultConfigurationName = Release;
		};
/* End XCConfigurationList section */

/* Begin XCSwiftPackageProductDependency section */
		E0A69B32274D18B500BAD491 /* TunnelRay-ios-lib */ = {
			isa = XCSwiftPackageProductDependency;
			productName = "TunnelRay-ios-lib";
		};
		E0A69B4E274D1A0200BAD491 /* TunnelRay-ios-lib */ = {
			isa = XCSwiftPackageProductDependency;
			productName = "TunnelRay-ios-lib";
		};
/* End XCSwiftPackageProductDependency section */
	};
	rootObject = E0A69B16274D187F00BAD491 /* Project object */;
}
